
Microsoft Visual Studio Solution File, Format Version 12.00
# Visual Studio Version 16
VisualStudioVersion = 16.0.30114.105
MinimumVisualStudioVersion = 10.0.40219.1
Project("{FAE04EC0-301F-11D3-BF4B-00C04F79EFBC}") = "API", "API\API.csproj", "{9A33B932-A8A2-4611-B02B-B0BFC3BAEBD4}"
EndProject
Project("{FAE04EC0-301F-11D3-BF4B-00C04F79EFBC}") = "Core", "Core\Core.csproj", "{613E46BD-6BD4-4C35-87B0-13579C528D17}"
EndProject
Project("{FAE04EC0-301F-11D3-BF4B-00C04F79EFBC}") = "Infrastructure", "Infrastructure\Infrastructure.csproj", "{CBCE9347-7296-4DC7-9872-0C1591E02885}"
EndProject
Global
	GlobalSection(SolutionConfigurationPlatforms) = preSolution
		Debug|Any CPU = Debug|Any CPU
		Release|Any CPU = Release|Any CPU
	EndGlobalSection
	GlobalSection(SolutionProperties) = preSolution
		HideSolutionNode = FALSE
	EndGlobalSection
	GlobalSection(ProjectConfigurationPlatforms) = postSolution
		{9A33B932-A8A2-4611-B02B-B0BFC3BAEBD4}.Debug|Any CPU.ActiveCfg = Debug|Any CPU
		{9A33B932-A8A2-4611-B02B-B0BFC3BAEBD4}.Debug|Any CPU.Build.0 = Debug|Any CPU
		{9A33B932-A8A2-4611-B02B-B0BFC3BAEBD4}.Release|Any CPU.ActiveCfg = Release|Any CPU
		{9A33B932-A8A2-4611-B02B-B0BFC3BAEBD4}.Release|Any CPU.Build.0 = Release|Any CPU
		{613E46BD-6BD4-4C35-87B0-13579C528D17}.Debug|Any CPU.ActiveCfg = Debug|Any CPU
		{613E46BD-6BD4-4C35-87B0-13579C528D17}.Debug|Any CPU.Build.0 = Debug|Any CPU
		{613E46BD-6BD4-4C35-87B0-13579C528D17}.Release|Any CPU.ActiveCfg = Release|Any CPU
		{613E46BD-6BD4-4C35-87B0-13579C528D17}.Release|Any CPU.Build.0 = Release|Any CPU
		{CBCE9347-7296-4DC7-9872-0C1591E02885}.Debug|Any CPU.ActiveCfg = Debug|Any CPU
		{CBCE9347-7296-4DC7-9872-0C1591E02885}.Debug|Any CPU.Build.0 = Debug|Any CPU
		{CBCE9347-7296-4DC7-9872-0C1591E02885}.Release|Any CPU.ActiveCfg = Release|Any CPU
		{CBCE9347-7296-4DC7-9872-0C1591E02885}.Release|Any CPU.Build.0 = Release|Any CPU
	EndGlobalSection
EndGlobal
